
Microsoft Visual Studio Solution File, Format Version 12.00
# Visual Studio Version 17
VisualStudioVersion = 17.13.35931.197 d17.13
MinimumVisualStudioVersion = 10.0.40219.1
Project("{FAE04EC0-301F-11D3-BF4B-00C04F79EFBC}") = "nowayapopitka", "nowayapopitka\nowayapopitka.csproj", "{FF6A430A-7DC8-4611-BDC9-87136A5C9CB4}"
EndProject
Global
	GlobalSection(SolutionConfigurationPlatforms) = preSolution
		Debug|Any CPU = Debug|Any CPU
		Release|Any CPU = Release|Any CPU
	EndGlobalSection
	GlobalSection(ProjectConfigurationPlatforms) = postSolution
		{FF6A430A-7DC8-4611-BDC9-87136A5C9CB4}.Debug|Any CPU.ActiveCfg = Debug|Any CPU
		{FF6A430A-7DC8-4611-BDC9-87136A5C9CB4}.Debug|Any CPU.Build.0 = Debug|Any CPU
		{FF6A430A-7DC8-4611-BDC9-87136A5C9CB4}.Release|Any CPU.ActiveCfg = Release|Any CPU
		{FF6A430A-7DC8-4611-BDC9-87136A5C9CB4}.Release|Any CPU.Build.0 = Release|Any CPU
	EndGlobalSection
	GlobalSection(SolutionProperties) = preSolution
		HideSolutionNode = FALSE
	EndGlobalSection
	GlobalSection(ExtensibilityGlobals) = postSolution
		SolutionGuid = {FDB8B931-9877-449E-8847-DC3FEE32E889}
	EndGlobalSection
EndGlobal
